lockfileVersion: '9.0'

settings:
  autoInstallPeers: true
  excludeLinksFromLockfile: false

importers:

  .:
    dependencies:
      '@cacheable/node-cache':
        specifier: ^1.7.0
        version: 1.7.0
      '@wix/essentials':
        specifier: ^0.1.28
        version: 0.1.28(typescript@5.9.2)
      '@wix/secrets':
        specifier: ^1.0.60
        version: 1.0.60
      neverthrow:
        specifier: ^8.2.0
        version: 8.2.0
      node-cache:
        specifier: ^5.1.2
        version: 5.1.2
    devDependencies:
      '@types/lodash':
        specifier: ^4.17.0
        version: 4.17.20
      '@types/node-cache':
        specifier: ^4.2.5
        version: 4.2.5
      terser:
        specifier: ^5.44.0
        version: 5.44.0
      typescript:
        specifier: ^5.4.3
        version: 5.9.2

packages:

  '@babel/runtime@7.28.4':
    resolution: {integrity: sha512-Q/N6JNWvIvPnLDvjlE1OUBLPQHH6l3CltCEsHIujp45zQUSSh8K+gHnaEX45yAT1nyngnINhvWtzN+Nb9D8RAQ==}
    engines: {node: '>=6.9.0'}

  '@cacheable/node-cache@1.7.0':
    resolution: {integrity: sha512-B8hZe8tWh2wAA2W65NEDY6L7ksbg/7mm0dkI6NmHqd0LugILh64T3CakNOHpc9MiAc8SZl1qaFQGDx099dcjww==}
    engines: {node: '>=18'}

  '@formatjs/ecma402-abstract@2.3.4':
    resolution: {integrity: sha512-qrycXDeaORzIqNhBOx0btnhpD1c+/qFIHAN9znofuMJX6QBwtbrmlpWfD4oiUUD2vJUOIYFA/gYtg2KAMGG7sA==}

  '@formatjs/fast-memoize@2.2.7':
    resolution: {integrity: sha512-Yabmi9nSvyOMrlSeGGWDiH7rf3a7sIwplbvo/dlz9WCIjzIQAfy1RMf4S0X3yG724n5Ghu2GmEl5NJIV6O9sZQ==}

  '@formatjs/icu-messageformat-parser@2.11.2':
    resolution: {integrity: sha512-AfiMi5NOSo2TQImsYAg8UYddsNJ/vUEv/HaNqiFjnI3ZFfWihUtD5QtuX6kHl8+H+d3qvnE/3HZrfzgdWpsLNA==}

  '@formatjs/icu-skeleton-parser@1.8.14':
    resolution: {integrity: sha512-i4q4V4qslThK4Ig8SxyD76cp3+QJ3sAqr7f6q9VVfeGtxG9OhiAk3y9XF6Q41OymsKzsGQ6OQQoJNY4/lI8TcQ==}

  '@formatjs/intl-localematcher@0.6.1':
    resolution: {integrity: sha512-ePEgLgVCqi2BBFnTMWPfIghu6FkbZnnBVhO2sSxvLfrdFw7wCHAHiDoM2h4NRgjbaY7+B7HgOLZGkK187pZTZg==}

  '@jridgewell/gen-mapping@0.3.13':
    resolution: {integrity: sha512-2kkt/7niJ6MgEPxF0bYdQ6etZaA+fQvDcLKckhy1yIQOzaoKjBBjSj63/aLVjYE3qhRt5dvM+uUyfCg6UKCBbA==}

  '@jridgewell/resolve-uri@3.1.2':
    resolution: {integrity: sha512-bRISgCIjP20/tbWSPWMEi54QVPRZExkuD9lJL+UIxUKtwVJA8wW1Trb1jMs1RFXo1CBTNZ/5hpC9QvmKWdopKw==}
    engines: {node: '>=6.0.0'}

  '@jridgewell/source-map@0.3.11':
    resolution: {integrity: sha512-ZMp1V8ZFcPG5dIWnQLr3NSI1MiCU7UETdS/A0G8V/XWHvJv3ZsFqutJn1Y5RPmAPX6F3BiE397OqveU/9NCuIA==}

  '@jridgewell/sourcemap-codec@1.5.5':
    resolution: {integrity: sha512-cYQ9310grqxueWbl+WuIUIaiUaDcj7WOq5fVhEljNVgRfOUhY9fy2zTvfoqWsnebh8Sl70VScFbICvJnLKB0Og==}

  '@jridgewell/trace-mapping@0.3.30':
    resolution: {integrity: sha512-GQ7Nw5G2lTu/BtHTKfXhKHok2WGetd4XYcVKGx00SjAk8GMwgJM3zr6zORiPGuOE+/vkc90KtTosSSvaCjKb2Q==}

  '@keyv/serialize@1.1.0':
    resolution: {integrity: sha512-RlDgexML7Z63Q8BSaqhXdCYNBy/JQnqYIwxofUrNLGCblOMHp+xux2Q8nLMLlPpgHQPoU0Do8Z6btCpRBEqZ8g==}

  '@rollup/rollup-linux-x64-gnu@4.50.1':
    resolution: {integrity: sha512-MCgtFB2+SVNuQmmjHf+wfI4CMxy3Tk8XjA5Z//A0AKD7QXUYFMQcns91K6dEHBvZPCnhJSyDWLApk40Iq/H3tA==}
    cpu: [x64]
    os: [linux]

  '@types/lodash@4.17.20':
    resolution: {integrity: sha512-H3MHACvFUEiujabxhaI/ImO6gUrd8oOurg7LQtS7mbwIXA/cUqWrvBsaeJ23aZEPk1TAYkurjfMbSELfoCXlGA==}

  '@types/node-cache@4.2.5':
    resolution: {integrity: sha512-faK2Owokboz53g8ooq2dw3iDJ6/HMTCIa2RvMte5WMTiABy+wA558K+iuyRtlR67Un5q9gEKysSDtqZYbSa0Pg==}
    deprecated: This is a stub types definition. node-cache provides its own type definitions, so you do not need this installed.

  '@wix/auto_sdk_secrets_secrets@1.0.14':
    resolution: {integrity: sha512-9PlA3gfLBk7WaVw4Uf20XNHpL9wtEzhhsFiO9e1QS3qlcePmh0d01Jb4xpbRANW3BYflhEuQi5NwQ4ER2xccLw==}

  '@wix/error-handler-core@1.19.0':
    resolution: {integrity: sha512-FHgEBgfn9qLTbh9qif3Ql+gpBDsjzGpmlou1Xrre2s/fVkNFUQFvWKZPomuEGR+eVDw8l8ovMbnNfeKlu/g+DA==}

  '@wix/error-handler-types@1.19.0':
    resolution: {integrity: sha512-3z9eURV+VfhNp7tQ7FLOzjbkRvxRJt8bPkq0F9qrGj3/p6VUHB82PStdhPQgJRbqzYrgeiMKu1dQLN/9RXXq1g==}

  '@wix/error-handler@1.67.0':
    resolution: {integrity: sha512-mPxbFCArcWr7EJjG0U+MytzgH1Xvw0Y97wpgc5iL1d+LzH+I/SceeLPiq62rIXnSkfOxBxgXbJpD9ohuoSHgiw==}
    peerDependencies:
      '@wix/fe-essentials': ^1.233.0
      i18next: '>=19.9.2'
      i18next-icu: '>=2.3.0'
      intl-messageformat: '>=7.8.4'
    peerDependenciesMeta:
      '@wix/fe-essentials':
        optional: true
      i18next:
        optional: true
      i18next-icu:
        optional: true
      intl-messageformat:
        optional: true

  '@wix/essentials@0.1.28':
    resolution: {integrity: sha512-uAB9xpwqebaIrdgPD9YsdZA8XSqWEJvtLT4HKSpuWmSmtLZBRYb+8U0D6NfY5grVw1qYzw0Z4XaGdeM2LLyuuw==}

  '@wix/monitoring-types@0.12.0':
    resolution: {integrity: sha512-nlv4jwQMewjzPIWFF9rnKf9WhVojj67oLtvilYXfi+lnhXyVlYOfqCnL3qLJuKtJ6wT5XIJdt0Fj0su2NM5taQ==}

  '@wix/monitoring@0.21.0':
    resolution: {integrity: sha512-2KC4ZuJE4abToc2QelY7Bv99BOfbvZiAK8PY5090iP4YVGM9t+VgUdg8H6l94Q0bF/vF44dcA9rjFiEcUz4K7g==}

  '@wix/sdk-context@0.0.1':
    resolution: {integrity: sha512-ziSzrceUC0KFn4IJIVBn1cXXKrZ49ZKG5tQ6fl+TpontyUw5p/Z4VofFUUsnqNl9JYCpYNTzIXpzwok93Vrl8A==}

  '@wix/sdk-runtime@0.3.62':
    resolution: {integrity: sha512-5imt9mSEaceX365iLGzMJ7jS4qr4lJj+2DZox86Ge8P7V9IeuPYLsQ+0PN9wN6XgMfjNLHt4G6hJUIi3bdglGA==}

  '@wix/sdk-types@1.13.41':
    resolution: {integrity: sha512-TmxNvMvGSt5Jm6dJ57zV8ZueH2Sx79L/lxg5opC7S+m8Ze+2A4Uv+s2pTXcqPcYDz1WrtcNd8wr9y4XjOXRbBQ==}

  '@wix/secrets@1.0.60':
    resolution: {integrity: sha512-TIHfVvevl85Q23Y/RnS62Urdo1kIaOxgvOetQHzPpDCrh4a+3epK6CpGEmbQWMaMDD4eOHxLTpTte2GAjvmY5g==}

  acorn@8.15.0:
    resolution: {integrity: sha512-NZyJarBfL7nWwIq+FDL6Zp/yHEhePMNnnJ0y3qfieCrmNvYct8uvtiV41UvlSe6apAfk0fY1FbWx+NwfmpvtTg==}
    engines: {node: '>=0.4.0'}
    hasBin: true

  buffer-from@1.1.2:
    resolution: {integrity: sha512-E+XQCRwSbaaiChtv6k6Dwgc+bx+Bs6vuKJHHl5kox/BaKbhiXzqQOwK4cO22yElGp2OCmjwVhT3HmxgyPGnJfQ==}

  cacheable@1.10.4:
    resolution: {integrity: sha512-Gd7ccIUkZ9TE2odLQVS+PDjIvQCdJKUlLdJRVvZu0aipj07Qfx+XIej7hhDrKGGoIxV5m5fT/kOJNJPQhQneRg==}

  clone@2.1.2:
    resolution: {integrity: sha512-3Pe/CF1Nn94hyhIYpjtiLhdCoEoz0DqQ+988E9gmeEdQZlojxnOb74wctFyuwWQHzqyf9X7C7MG8juUpqBJT8w==}
    engines: {node: '>=0.8'}

  commander@2.20.3:
    resolution: {integrity: sha512-GpVkmM8vF2vQUkj2LvZmD35JxeJOLCwJ9cUkugyk2nuhbv3+mJvpLYYt+0+USMxE+oj+ey/lJEnhZw75x/OMcQ==}

  decimal.js@10.6.0:
    resolution: {integrity: sha512-YpgQiITW3JXGntzdUmyUR1V812Hn8T1YVXhCu+wO3OpS4eU9l4YdD3qjyiKdV6mvV29zapkMeD390UVEf2lkUg==}

  events@3.3.0:
    resolution: {integrity: sha512-mQw+2fkQbALzQ7V0MY0IqdnXNOeTtP4r0lN9z7AAawCXgqea7bDii20AYrIBrFd/Hx0M2Ocz6S111CaFkUcb0Q==}
    engines: {node: '>=0.8.x'}

  graphql@16.11.0:
    resolution: {integrity: sha512-mS1lbMsxgQj6hge1XZ6p7GPhbrtFwUFYi3wRzXAC/FmYnyXMTvvI3td3rjmQ2u8ewXueaSvRPWaEcgVVOT9Jnw==}
    engines: {node: ^12.22.0 || ^14.16.0 || ^16.0.0 || >=17.0.0}

  hookified@1.12.0:
    resolution: {integrity: sha512-hMr1Y9TCLshScrBbV2QxJ9BROddxZ12MX9KsCtuGGy/3SmmN5H1PllKerrVlSotur9dlE8hmUKAOSa3WDzsZmQ==}

  http-status-codes@2.3.0:
    resolution: {integrity: sha512-RJ8XvFvpPM/Dmc5SV+dC4y5PCeOhT3x1Hq0NU3rjGeg5a/CqlhZ7uudknPwZFz4aeAXDcbAyaeP7GAo9lvngtA==}

  i18next-icu@2.4.0:
    resolution: {integrity: sha512-LnoZOVS/lp2l4jOMVq2vN/LPf1oGi7sMovdcnKiVjcs7Ysek61rkXMOVEbPZ/3N990uToZpKe6kNE1t2wxcsfA==}
    peerDependencies:
      intl-messageformat: ^10.3.3

  i18next@25.5.2:
    resolution: {integrity: sha512-lW8Zeh37i/o0zVr+NoCHfNnfvVw+M6FQbRp36ZZ/NyHDJ3NJVpp2HhAUyU9WafL5AssymNoOjMRB48mmx2P6Hw==}
    peerDependencies:
      typescript: ^5
    peerDependenciesMeta:
      typescript:
        optional: true

  intl-messageformat@10.7.16:
    resolution: {integrity: sha512-UmdmHUmp5CIKKjSoE10la5yfU+AYJAaiYLsodbjL4lji83JNvgOQUjGaGhGrpFCb0Uh7sl7qfP1IyILa8Z40ug==}

  keyv@5.5.0:
    resolution: {integrity: sha512-QG7qR2tijh1ftOvClut4YKKg1iW6cx3GZsKoGyJPxHkGWK9oJhG9P3j5deP0QQOGDowBMVQFaP+Vm4NpGYvmIQ==}

  neverthrow@8.2.0:
    resolution: {integrity: sha512-kOCT/1MCPAxY5iUV3wytNFUMUolzuwd/VF/1KCx7kf6CutrOsTie+84zTGTpgQycjvfLdBBdvBvFLqFD2c0wkQ==}
    engines: {node: '>=18'}

  node-cache@5.1.2:
    resolution: {integrity: sha512-t1QzWwnk4sjLWaQAS8CHgOJ+RAfmHpxFWmc36IWTiWHQfs0w5JDMBS1b1ZxQteo0vVVuWJvIUKHDkkeK7vIGCg==}
    engines: {node: '>= 8.0.0'}

  source-map-support@0.5.21:
    resolution: {integrity: sha512-uBHU3L3czsIyYXKX88fdrGovxdSCoTGDRZ6SYXtSRxLZUzHg5P/66Ht6uoUlHu9EZod+inXhKo3qQgwXUT/y1w==}

  source-map@0.6.1:
    resolution: {integrity: sha512-UjgapumWlbMhkBgzT7Ykc5YXUT46F0iKu8SGXq0bcwP5dz/h0Plj6enJqjz1Zbq2l5WaqYnrVbwWOWMyF3F47g==}
    engines: {node: '>=0.10.0'}

  terser@5.44.0:
    resolution: {integrity: sha512-nIVck8DK+GM/0Frwd+nIhZ84pR/BX7rmXMfYwyg+Sri5oGVE99/E3KvXqpC2xHFxyqXyGHTKBSioxxplrO4I4w==}
    engines: {node: '>=10'}
    hasBin: true

  tslib@2.8.1:
    resolution: {integrity: sha512-oJFu94HQb+KVduSUQL7wnpmqnfmLsOA/nAh6b6EH0wCEoK0/mPeXU6c3wKDV83MkOuHPRHtSXKKU99IBazS/2w==}

  type-fest@4.41.0:
    resolution: {integrity: sha512-TeTSQ6H5YHvpqVwBRcnLDCBnDOHWYu7IvGbHT6N8AOymcr9PJGjc1GTtiWZTYg0NCgYwvnYWEkVChQAr9bjfwA==}
    engines: {node: '>=16'}

  typescript@5.9.2:
    resolution: {integrity: sha512-CWBzXQrc/qOkhidw1OzBTQuYRbfyxDXJMVJ1XNwUHGROVmuaeiEm3OslpZ1RV96d7SKKjZKrSJu3+t/xlw3R9A==}
    engines: {node: '>=14.17'}
    hasBin: true

  uuid@10.0.0:
    resolution: {integrity: sha512-8XkAphELsDnEGrDxUOHB3RGvXz6TeuYSGEZBOjtTtPm2lwhGBjLgOzLHB63IUWfBpNucQjND6d3AOudO+H3RWQ==}
    hasBin: true

snapshots:

  '@babel/runtime@7.28.4': {}

  '@cacheable/node-cache@1.7.0':
    dependencies:
      cacheable: 1.10.4
      hookified: 1.12.0
      keyv: 5.5.0

  '@formatjs/ecma402-abstract@2.3.4':
    dependencies:
      '@formatjs/fast-memoize': 2.2.7
      '@formatjs/intl-localematcher': 0.6.1
      decimal.js: 10.6.0
      tslib: 2.8.1

  '@formatjs/fast-memoize@2.2.7':
    dependencies:
      tslib: 2.8.1

  '@formatjs/icu-messageformat-parser@2.11.2':
    dependencies:
      '@formatjs/ecma402-abstract': 2.3.4
      '@formatjs/icu-skeleton-parser': 1.8.14
      tslib: 2.8.1

  '@formatjs/icu-skeleton-parser@1.8.14':
    dependencies:
      '@formatjs/ecma402-abstract': 2.3.4
      tslib: 2.8.1

  '@formatjs/intl-localematcher@0.6.1':
    dependencies:
      tslib: 2.8.1

  '@jridgewell/gen-mapping@0.3.13':
    dependencies:
      '@jridgewell/sourcemap-codec': 1.5.5
      '@jridgewell/trace-mapping': 0.3.30

  '@jridgewell/resolve-uri@3.1.2': {}

  '@jridgewell/source-map@0.3.11':
    dependencies:
      '@jridgewell/gen-mapping': 0.3.13
      '@jridgewell/trace-mapping': 0.3.30

  '@jridgewell/sourcemap-codec@1.5.5': {}

  '@jridgewell/trace-mapping@0.3.30':
    dependencies:
      '@jridgewell/resolve-uri': 3.1.2
      '@jridgewell/sourcemap-codec': 1.5.5

  '@keyv/serialize@1.1.0': {}

  '@rollup/rollup-linux-x64-gnu@4.50.1':
    optional: true

  '@types/lodash@4.17.20': {}

  '@types/node-cache@4.2.5':
    dependencies:
      node-cache: 5.1.2

  '@wix/auto_sdk_secrets_secrets@1.0.14':
    dependencies:
      '@wix/sdk-runtime': 0.3.62
      '@wix/sdk-types': 1.13.41

  '@wix/error-handler-core@1.19.0':
    dependencies:
      '@babel/runtime': 7.28.4
      '@wix/error-handler-types': 1.19.0

  '@wix/error-handler-types@1.19.0':
    dependencies:
      '@babel/runtime': 7.28.4

  '@wix/error-handler@1.67.0(i18next-icu@2.4.0(intl-messageformat@10.7.16))(i18next@25.5.2(typescript@5.9.2))(intl-messageformat@10.7.16)':
    dependencies:
      '@babel/runtime': 7.28.4
      '@wix/error-handler-core': 1.19.0
      events: 3.3.0
      http-status-codes: 2.3.0
      uuid: 10.0.0
    optionalDependencies:
      i18next: 25.5.2(typescript@5.9.2)
      i18next-icu: 2.4.0(intl-messageformat@10.7.16)
      intl-messageformat: 10.7.16

  '@wix/essentials@0.1.28(typescript@5.9.2)':
    dependencies:
      '@wix/error-handler': 1.67.0(i18next-icu@2.4.0(intl-messageformat@10.7.16))(i18next@25.5.2(typescript@5.9.2))(intl-messageformat@10.7.16)
      '@wix/monitoring': 0.21.0
      '@wix/sdk-runtime': 0.3.62
      '@wix/sdk-types': 1.13.41
      i18next: 25.5.2(typescript@5.9.2)
      i18next-icu: 2.4.0(intl-messageformat@10.7.16)
      intl-messageformat: 10.7.16
    optionalDependencies:
      graphql: 16.11.0
    transitivePeerDependencies:
      - '@wix/fe-essentials'
      - typescript

  '@wix/monitoring-types@0.12.0': {}

  '@wix/monitoring@0.21.0':
    dependencies:
      '@wix/monitoring-types': 0.12.0

  '@wix/sdk-context@0.0.1': {}

  '@wix/sdk-runtime@0.3.62':
    dependencies:
      '@wix/sdk-context': 0.0.1
      '@wix/sdk-types': 1.13.41

  '@wix/sdk-types@1.13.41':
    dependencies:
      '@wix/error-handler-types': 1.19.0
      '@wix/monitoring-types': 0.12.0
      type-fest: 4.41.0

  '@wix/secrets@1.0.60':
    dependencies:
      '@wix/auto_sdk_secrets_secrets': 1.0.14

  acorn@8.15.0: {}

  buffer-from@1.1.2: {}

  cacheable@1.10.4:
    dependencies:
      hookified: 1.12.0
      keyv: 5.5.0

  clone@2.1.2: {}

  commander@2.20.3: {}

  decimal.js@10.6.0: {}

  events@3.3.0: {}

  graphql@16.11.0:
    optional: true

  hookified@1.12.0: {}

  http-status-codes@2.3.0: {}

  i18next-icu@2.4.0(intl-messageformat@10.7.16):
    dependencies:
      intl-messageformat: 10.7.16

  i18next@25.5.2(typescript@5.9.2):
    dependencies:
      '@babel/runtime': 7.28.4
    optionalDependencies:
      typescript: 5.9.2

  intl-messageformat@10.7.16:
    dependencies:
      '@formatjs/ecma402-abstract': 2.3.4
      '@formatjs/fast-memoize': 2.2.7
      '@formatjs/icu-messageformat-parser': 2.11.2
      tslib: 2.8.1

  keyv@5.5.0:
    dependencies:
      '@keyv/serialize': 1.1.0

  neverthrow@8.2.0:
    optionalDependencies:
      '@rollup/rollup-linux-x64-gnu': 4.50.1

  node-cache@5.1.2:
    dependencies:
      clone: 2.1.2

  source-map-support@0.5.21:
    dependencies:
      buffer-from: 1.1.2
      source-map: 0.6.1

  source-map@0.6.1: {}

  terser@5.44.0:
    dependencies:
      '@jridgewell/source-map': 0.3.11
      acorn: 8.15.0
      commander: 2.20.3
      source-map-support: 0.5.21

  tslib@2.8.1: {}

  type-fest@4.41.0: {}

  typescript@5.9.2: {}

  uuid@10.0.0: {}
